// !$*UTF8*$!
{
	archiveVersion = 1;
	classes = {
	};
	objectVersion = 55;
	objects = {

/* Begin PBXBuildFile section */
		6102465E423C281BB09C62CB /* Pods_tech1.framework in Frameworks */ = {isa = PBXBuildFile; fileRef = C6A078E7FA39B4C7ED226E49 /* Pods_tech1.framework */; };
		C84D2FA3287490CC001F0E6C /* ImageTwoLinedButton.swift in Sources */ = {isa = PBXBuildFile; fileRef = C84D2FA2287490CC001F0E6C /* ImageTwoLinedButton.swift */; };
		C84D2FA52875880B001F0E6C /* CapabilityCell.swift in Sources */ = {isa = PBXBuildFile; fileRef = C84D2FA42875880B001F0E6C /* CapabilityCell.swift */; };
		C8A6164828748538009F74DE /* AppDelegate.swift in Sources */ = {isa = PBXBuildFile; fileRef = C8A6164728748538009F74DE /* AppDelegate.swift */; };
		C8A6164A28748538009F74DE /* SceneDelegate.swift in Sources */ = {isa = PBXBuildFile; fileRef = C8A6164928748538009F74DE /* SceneDelegate.swift */; };
		C8A6164C28748538009F74DE /* ViewController.swift in Sources */ = {isa = PBXBuildFile; fileRef = C8A6164B28748538009F74DE /* ViewController.swift */; };
		C8A6165128748539009F74DE /* Assets.xcassets in Resources */ = {isa = PBXBuildFile; fileRef = C8A6165028748539009F74DE /* Assets.xcassets */; };
		C8A6165428748539009F74DE /* LaunchScreen.storyboard in Resources */ = {isa = PBXBuildFile; fileRef = C8A6165228748539009F74DE /* LaunchScreen.storyboard */; };
/* End PBXBuildFile section */

/* Begin PBXFileReference section */
		9C48ED838DB669BE6F4A9931 /* Pods-tech1.release.xcconfig */ = {isa = PBXFileReference; includeInIndex = 1; lastKnownFileType = text.xcconfig; name = "Pods-tech1.release.xcconfig"; path = "Target Support Files/Pods-tech1/Pods-tech1.release.xcconfig"; sourceTree = "<group>"; };
		B6CE523A62334A2AA0946212 /* Pods-tech1.debug.xcconfig */ = {isa = PBXFileReference; includeInIndex = 1; lastKnownFileType = text.xcconfig; name = "Pods-tech1.debug.xcconfig"; path = "Target Support Files/Pods-tech1/Pods-tech1.debug.xcconfig"; sourceTree = "<group>"; };
		C6A078E7FA39B4C7ED226E49 /* Pods_tech1.framework */ = {isa = PBXFileReference; explicitFileType = wrapper.framework; includeInIndex = 0; path = Pods_tech1.framework; sourceTree = BUILT_PRODUCTS_DIR; };
		C84D2FA2287490CC001F0E6C /* ImageTwoLinedButton.swift */ = {isa = PBXFileReference; lastKnownFileType = sourcecode.swift; path = ImageTwoLinedButton.swift; sourceTree = "<group>"; };
		C84D2FA42875880B001F0E6C /* CapabilityCell.swift */ = {isa = PBXFileReference; lastKnownFileType = sourcecode.swift; path = CapabilityCell.swift; sourceTree = "<group>"; };
		C8A6164428748538009F74DE /* tech1.app */ = {isa = PBXFileReference; explicitFileType = wrapper.application; includeInIndex = 0; path = tech1.app; sourceTree = BUILT_PRODUCTS_DIR; };
		C8A6164728748538009F74DE /* AppDelegate.swift */ = {isa = PBXFileReference; lastKnownFileType = sourcecode.swift; path = AppDelegate.swift; sourceTree = "<group>"; };
		C8A6164928748538009F74DE /* SceneDelegate.swift */ = {isa = PBXFileReference; lastKnownFileType = sourcecode.swift; path = SceneDelegate.swift; sourceTree = "<group>"; };
		C8A6164B28748538009F74DE /* ViewController.swift */ = {isa = PBXFileReference; lastKnownFileType = sourcecode.swift; path = ViewController.swift; sourceTree = "<group>"; };
		C8A6165028748539009F74DE /* Assets.xcassets */ = {isa = PBXFileReference; lastKnownFileType = folder.assetcatalog; path = Assets.xcassets; sourceTree = "<group>"; };
		C8A6165328748539009F74DE /* Base */ = {isa = PBXFileReference; lastKnownFileType = file.storyboard; name = Base; path = Base.lproj/LaunchScreen.storyboard; sourceTree = "<group>"; };
		C8A6165528748539009F74DE /* Info.plist */ = {isa = PBXFileReference; lastKnownFileType = text.plist.xml; path = Info.plist; sourceTree = "<group>"; };
/* End PBXFileReference section */

/* Begin PBXFrameworksBuildPhase section */
		C8A6164128748538009F74DE /* Frameworks */ = {
			isa = PBXFrameworksBuildPhase;
			buildActionMask = 2147483647;
			files = (
				6102465E423C281BB09C62CB /* Pods_tech1.framework in Frameworks */,
			);
			runOnlyForDeploymentPostprocessing = 0;
		};
/* End PBXFrameworksBuildPhase section */

/* Begin PBXGroup section */
		3DF2F77253A5093843941B5A /* Frameworks */ = {
			isa = PBXGroup;
			children = (
				C6A078E7FA39B4C7ED226E49 /* Pods_tech1.framework */,
			);
			name = Frameworks;
			sourceTree = "<group>";
		};
		827AA3E5EE2A86D5A693A0F4 /* Pods */ = {
			isa = PBXGroup;
			children = (
				B6CE523A62334A2AA0946212 /* Pods-tech1.debug.xcconfig */,
				9C48ED838DB669BE6F4A9931 /* Pods-tech1.release.xcconfig */,
			);
			path = Pods;
			sourceTree = "<group>";
		};
		C8A6163B28748538009F74DE = {
			isa = PBXGroup;
			children = (
				C8A6164628748538009F74DE /* tech1 */,
				C8A6164528748538009F74DE /* Products */,
				827AA3E5EE2A86D5A693A0F4 /* Pods */,
				3DF2F77253A5093843941B5A /* Frameworks */,
			);
			sourceTree = "<group>";
		};
		C8A6164528748538009F74DE /* Products */ = {
			isa = PBXGroup;
			children = (
				C8A6164428748538009F74DE /* tech1.app */,
			);
			name = Products;
			sourceTree = "<group>";
		};
		C8A6164628748538009F74DE /* tech1 */ = {
			isa = PBXGroup;
			children = (
				C8A6164728748538009F74DE /* AppDelegate.swift */,
				C8A6164928748538009F74DE /* SceneDelegate.swift */,
				C8A6164B28748538009F74DE /* ViewController.swift */,
				C84D2FA42875880B001F0E6C /* CapabilityCell.swift */,
				C84D2FA2287490CC001F0E6C /* ImageTwoLinedButton.swift */,
				C8A6165028748539009F74DE /* Assets.xcassets */,
				C8A6165228748539009F74DE /* LaunchScreen.storyboard */,
				C8A6165528748539009F74DE /* Info.plist */,
			);
			path = tech1;
			sourceTree = "<group>";
		};
/* End PBXGroup section */

/* Begin PBXNativeTarget section */
		C8A6164328748538009F74DE /* tech1 */ = {
			isa = PBXNativeTarget;
			buildConfigurationList = C8A6165828748539009F74DE /* Build configuration list for PBXNativeTarget "tech1" */;
			buildPhases = (
				8B8E2B92192B5F113CC20E11 /* [CP] Check Pods Manifest.lock */,
				C8A6164028748538009F74DE /* Sources */,
				C8A6164128748538009F74DE /* Frameworks */,
				C8A6164228748538009F74DE /* Resources */,
				75A7AB47101FD584001A75B0 /* [CP] Embed Pods Frameworks */,
			);
			buildRules = (
			);
			dependencies = (
			);
			name = tech1;
			productName = tech1;
			productReference = C8A6164428748538009F74DE /* tech1.app */;
			productType = "com.apple.product-type.application";
		};
/* End PBXNativeTarget section */

/* Begin PBXProject section */
		C8A6163C28748538009F74DE /* Project object */ = {
			isa = PBXProject;
			attributes = {
				BuildIndependentTargetsInParallel = 1;
				LastSwiftUpdateCheck = 1330;
				LastUpgradeCheck = 1330;
				TargetAttributes = {
					C8A6164328748538009F74DE = {
						CreatedOnToolsVersion = 13.3.1;
					};
				};
			};
			buildConfigurationList = C8A6163F28748538009F74DE /* Build configuration list for PBXProject "tech1" */;
			compatibilityVersion = "Xcode 13.0";
			developmentRegion = en;
			hasScannedForEncodings = 0;
			knownRegions = (
				en,
				Base,
			);
			mainGroup = C8A6163B28748538009F74DE;
			productRefGroup = C8A6164528748538009F74DE /* Products */;
			projectDirPath = "";
			projectRoot = "";
			targets = (
				C8A6164328748538009F74DE /* tech1 */,
			);
		};
/* End PBXProject section */

/* Begin PBXResourcesBuildPhase section */
		C8A6164228748538009F74DE /* Resources */ = {
			isa = PBXResourcesBuildPhase;
			buildActionMask = 2147483647;
			files = (
				C8A6165428748539009F74DE /* LaunchScreen.storyboard in Resources */,
				C8A6165128748539009F74DE /* Assets.xcassets in Resources */,
			);
			runOnlyForDeploymentPostprocessing = 0;
		};
/* End PBXResourcesBuildPhase section */

/* Begin PBXShellScriptBuildPhase section */
		75A7AB47101FD584001A75B0 /* [CP] Embed Pods Frameworks */ = {
			isa = PBXShellScriptBuildPhase;
			buildActionMask = 2147483647;
			files = (
			);
			inputFileListPaths = (
				"${PODS_ROOT}/Target Support Files/Pods-tech1/Pods-tech1-frameworks-${CONFIGURATION}-input-files.xcfilelist",
			);
			name = "[CP] Embed Pods Frameworks";
			outputFileListPaths = (
				"${PODS_ROOT}/Target Support Files/Pods-tech1/Pods-tech1-frameworks-${CONFIGURATION}-output-files.xcfilelist",
			);
			runOnlyForDeploymentPostprocessing = 0;
			shellPath = /bin/sh;
			shellScript = "\"${PODS_ROOT}/Target Support Files/Pods-tech1/Pods-tech1-frameworks.sh\"\n";
			showEnvVarsInLog = 0;
		};
		8B8E2B92192B5F113CC20E11 /* [CP] Check Pods Manifest.lock */ = {
			isa = PBXShellScriptBuildPhase;
			buildActionMask = 2147483647;
			files = (
			);
			inputFileListPaths = (
			);
			inputPaths = (
				"${PODS_PODFILE_DIR_PATH}/Podfile.lock",
				"${PODS_ROOT}/Manifest.lock",
			);
			name = "[CP] Check Pods Manifest.lock";
			outputFileListPaths = (
			);
			outputPaths = (
				"$(DERIVED_FILE_DIR)/Pods-tech1-checkManifestLockResult.txt",
			);
			runOnlyForDeploymentPostprocessing = 0;
			shellPath = /bin/sh;
			shellScript = "diff \"${PODS_PODFILE_DIR_PATH}/Podfile.lock\" \"${PODS_ROOT}/Manifest.lock\" > /dev/null\nif [ $? != 0 ] ; then\n    # print error to STDERR\n    echo \"error: The sandbox is not in sync with the Podfile.lock. Run 'pod install' or update your CocoaPods installation.\" >&2\n    exit 1\nfi\n# This output is used by Xcode 'outputs' to avoid re-running this script phase.\necho \"SUCCESS\" > \"${SCRIPT_OUTPUT_FILE_0}\"\n";
			showEnvVarsInLog = 0;
		};
/* End PBXShellScriptBuildPhase section */

/* Begin PBXSourcesBuildPhase section */
		C8A6164028748538009F74DE /* Sources */ = {
			isa = PBXSourcesBuildPhase;
			buildActionMask = 2147483647;
			files = (
				C84D2FA52875880B001F0E6C /* CapabilityCell.swift in Sources */,
				C8A6164C28748538009F74DE /* ViewController.swift in Sources */,
				C84D2FA3287490CC001F0E6C /* ImageTwoLinedButton.swift in Sources */,
				C8A6164828748538009F74DE /* AppDelegate.swift in Sources */,
				C8A6164A28748538009F74DE /* SceneDelegate.swift in Sources */,
			);
			runOnlyForDeploymentPostprocessing = 0;
		};
/* End PBXSourcesBuildPhase section */

/* Begin PBXVariantGroup section */
		C8A6165228748539009F74DE /* LaunchScreen.storyboard */ = {
			isa = PBXVariantGroup;
			children = (
				C8A6165328748539009F74DE /* Base */,
			);
			name = LaunchScreen.storyboard;
			sourceTree = "<group>";
		};
/* End PBXVariantGroup section */

/* Begin XCBuildConfiguration section */
		C8A6165628748539009F74DE /* Debug */ = {
			isa = XCBuildConfiguration;
			buildSettings = {
				ALWAYS_SEARCH_USER_PATHS = NO;
				CLANG_ANALYZER_NONNULL = YES;
				CLANG_ANALYZER_NUMBER_OBJECT_CONVERSION = YES_AGGRESSIVE;
				CLANG_CXX_LANGUAGE_STANDARD = "gnu++17";
				CLANG_ENABLE_MODULES = YES;
				CLANG_ENABLE_OBJC_ARC = YES;
				CLANG_ENABLE_OBJC_WEAK = YES;
				CLANG_WARN_BLOCK_CAPTURE_AUTORELEASING = YES;
				CLANG_WARN_BOOL_CONVERSION = YES;
				CLANG_WARN_COMMA = YES;
				CLANG_WARN_CONSTANT_CONVERSION = YES;
				CLANG_WARN_DEPRECATED_OBJC_IMPLEMENTATIONS = YES;
				CLANG_WARN_DIRECT_OBJC_ISA_USAGE = YES_ERROR;
				CLANG_WARN_DOCUMENTATION_COMMENTS = YES;
				CLANG_WARN_EMPTY_BODY = YES;
				CLANG_WARN_ENUM_CONVERSION = YES;
				CLANG_WARN_INFINITE_RECURSION = YES;
				CLANG_WARN_INT_CONVERSION = YES;
				CLANG_WARN_NON_LITERAL_NULL_CONVERSION = YES;
				CLANG_WARN_OBJC_IMPLICIT_RETAIN_SELF = YES;
				CLANG_WARN_OBJC_LITERAL_CONVERSION = YES;
				CLANG_WARN_OBJC_ROOT_CLASS = YES_ERROR;
				CLANG_WARN_QUOTED_INCLUDE_IN_FRAMEWORK_HEADER = YES;
				CLANG_WARN_RANGE_LOOP_ANALYSIS = YES;
				CLANG_WARN_STRICT_PROTOTYPES = YES;
				CLANG_WARN_SUSPICIOUS_MOVE = YES;
				CLANG_WARN_UNGUARDED_AVAILABILITY = YES_AGGRESSIVE;
				CLANG_WARN_UNREACHABLE_CODE = YES;
				CLANG_WARN__DUPLICATE_METHOD_MATCH = YES;
				COPY_PHASE_STRIP = NO;
				DEBUG_INFORMATION_FORMAT = dwarf;
				ENABLE_STRICT_OBJC_MSGSEND = YES;
				ENABLE_TESTABILITY = YES;
				GCC_C_LANGUAGE_STANDARD = gnu11;
				GCC_DYNAMIC_NO_PIC = NO;
				GCC_NO_COMMON_BLOCKS = YES;
				GCC_OPTIMIZATION_LEVEL = 0;
				GCC_PREPROCESSOR_DEFINITIONS = (
					"DEBUG=1",
					"$(inherited)",
				);
				GCC_WARN_64_TO_32_BIT_CONVERSION = YES;
				GCC_WARN_ABOUT_RETURN_TYPE = YES_ERROR;
				GCC_WARN_UNDECLARED_SELECTOR = YES;
				GCC_WARN_UNINITIALIZED_AUTOS = YES_AGGRESSIVE;
				GCC_WARN_UNUSED_FUNCTION = YES;
				GCC_WARN_UNUSED_VARIABLE = YES;
				IPHONEOS_DEPLOYMENT_TARGET = 15.4;
				MTL_ENABLE_DEBUG_INFO = INCLUDE_SOURCE;
				MTL_FAST_MATH = YES;
				ONLY_ACTIVE_ARCH = YES;
				SDKROOT = iphoneos;
				SWIFT_ACTIVE_COMPILATION_CONDITIONS = DEBUG;
				SWIFT_OPTIMIZATION_LEVEL = "-Onone";
			};
			name = Debug;
		};
		C8A6165728748539009F74DE /* Release */ = {
			isa = XCBuildConfiguration;
			buildSettings = {
				ALWAYS_SEARCH_USER_PATHS = NO;
				CLANG_ANALYZER_NONNULL = YES;
				CLANG_ANALYZER_NUMBER_OBJECT_CONVERSION = YES_AGGRESSIVE;
				CLANG_CXX_LANGUAGE_STANDARD = "gnu++17";
				CLANG_ENABLE_MODULES = YES;
				CLANG_ENABLE_OBJC_ARC = YES;
				CLANG_ENABLE_OBJC_WEAK = YES;
				CLANG_WARN_BLOCK_CAPTURE_AUTORELEASING = YES;
				CLANG_WARN_BOOL_CONVERSION = YES;
				CLANG_WARN_COMMA = YES;
				CLANG_WARN_CONSTANT_CONVERSION = YES;
				CLANG_WARN_DEPRECATED_OBJC_IMPLEMENTATIONS = YES;
				CLANG_WARN_DIRECT_OBJC_ISA_USAGE = YES_ERROR;
				CLANG_WARN_DOCUMENTATION_COMMENTS = YES;
				CLANG_WARN_EMPTY_BODY = YES;
				CLANG_WARN_ENUM_CONVERSION = YES;
				CLANG_WARN_INFINITE_RECURSION = YES;
				CLANG_WARN_INT_CONVERSION = YES;
				CLANG_WARN_NON_LITERAL_NULL_CONVERSION = YES;
				CLANG_WARN_OBJC_IMPLICIT_RETAIN_SELF = YES;
				CLANG_WARN_OBJC_LITERAL_CONVERSION = YES;
				CLANG_WARN_OBJC_ROOT_CLASS = YES_ERROR;
				CLANG_WARN_QUOTED_INCLUDE_IN_FRAMEWORK_HEADER = YES;
				CLANG_WARN_RANGE_LOOP_ANALYSIS = YES;
				CLANG_WARN_STRICT_PROTOTYPES = YES;
				CLANG_WARN_SUSPICIOUS_MOVE = YES;
				CLANG_WARN_UNGUARDED_AVAILABILITY = YES_AGGRESSIVE;
				CLANG_WARN_UNREACHABLE_CODE = YES;
				CLANG_WARN__DUPLICATE_METHOD_MATCH = YES;
				COPY_PHASE_STRIP = NO;
				DEBUG_INFORMATION_FORMAT = "dwarf-with-dsym";
				ENABLE_NS_ASSERTIONS = NO;
				ENABLE_STRICT_OBJC_MSGSEND = YES;
				GCC_C_LANGUAGE_STANDARD = gnu11;
				GCC_NO_COMMON_BLOCKS = YES;
				GCC_WARN_64_TO_32_BIT_CONVERSION = YES;
				GCC_WARN_ABOUT_RETURN_TYPE = YES_ERROR;
				GCC_WARN_UNDECLARED_SELECTOR = YES;
				GCC_WARN_UNINITIALIZED_AUTOS = YES_AGGRESSIVE;
				GCC_WARN_UNUSED_FUNCTION = YES;
				GCC_WARN_UNUSED_VARIABLE = YES;
				IPHONEOS_DEPLOYMENT_TARGET = 15.4;
				MTL_ENABLE_DEBUG_INFO = NO;
				MTL_FAST_MATH = YES;
				SDKROOT = iphoneos;
				SWIFT_COMPILATION_MODE = wholemodule;
				SWIFT_OPTIMIZATION_LEVEL = "-O";
				VALIDATE_PRODUCT = YES;
			};
			name = Release;
		};
		C8A6165928748539009F74DE /* Debug */ = {
			isa = XCBuildConfiguration;
			baseConfigurationReference = B6CE523A62334A2AA0946212 /* Pods-tech1.debug.xcconfig */;
			buildSettings = {
				ASSETCATALOG_COMPILER_APPICON_NAME = AppIcon;
				ASSETCATALOG_COMPILER_GLOBAL_ACCENT_COLOR_NAME = AccentColor;
				CODE_SIGN_STYLE = Automatic;
				CURRENT_PROJECT_VERSION = 1;
				DEVELOPMENT_TEAM = DNWTGQUU5Z;
				GENERATE_INFOPLIST_FILE = YES;
				INFOPLIST_FILE = tech1/Info.plist;
				INFOPLIST_KEY_UIApplicationSupportsIndirectInputEvents = YES;
				INFOPLIST_KEY_UILaunchStoryboardName = LaunchScreen;
				INFOPLIST_KEY_UISupportedInterfaceOrientations_iPad = "UIInterfaceOrientationPortrait UIInterfaceOrientationPortraitUpsideDown UIInterfaceOrientationLandscapeLeft UIInterfaceOrientationLandscapeRight";
				INFOPLIST_KEY_UISupportedInterfaceOrientations_iPhone = "UIInterfaceOrientationPortrait UIInterfaceOrientationLandscapeLeft UIInterfaceOrientationLandscapeRight";
				LD_RUNPATH_SEARCH_PATHS = (
					"$(inherited)",
					"@executable_path/Frameworks",
				);
				MARKETING_VERSION = 1.0;
				PRODUCT_BUNDLE_IDENTIFIER = KavaleuskiI.tech1;
				PRODUCT_NAME = "$(TARGET_NAME)";
				SWIFT_EMIT_LOC_STRINGS = YES;
				SWIFT_VERSION = 5.0;
				TARGETED_DEVICE_FAMILY = "1,2";
			};
			name = Debug;
		};
		C8A6165A28748539009F74DE /* Release */ = {
			isa = XCBuildConfiguration;
			baseConfigurationReference = 9C48ED838DB669BE6F4A9931 /* Pods-tech1.release.xcconfig */;
			buildSettings = {
				ASSETCATALOG_COMPILER_APPICON_NAME = AppIcon;
				ASSETCATALOG_COMPILER_GLOBAL_ACCENT_COLOR_NAME = AccentColor;
				CODE_SIGN_STYLE = Automatic;
				CURRENT_PROJECT_VERSION = 1;
				DEVELOPMENT_TEAM = DNWTGQUU5Z;
				GENERATE_INFOPLIST_FILE = YES;
				INFOPLIST_FILE = tech1/Info.plist;
				INFOPLIST_KEY_UIApplicationSupportsIndirectInputEvents = YES;
				INFOPLIST_KEY_UILaunchStoryboardName = LaunchScreen;
				INFOPLIST_KEY_UISupportedInterfaceOrientations_iPad = "UIInterfaceOrientationPortrait UIInterfaceOrientationPortraitUpsideDown UIInterfaceOrientationLandscapeLeft UIInterfaceOrientationLandscapeRight";
				INFOPLIST_KEY_UISupportedInterfaceOrientations_iPhone = "UIInterfaceOrientationPortrait UIInterfaceOrientationLandscapeLeft UIInterfaceOrientationLandscapeRight";
				LD_RUNPATH_SEARCH_PATHS = (
					"$(inherited)",
					"@executable_path/Frameworks",
				);
				MARKETING_VERSION = 1.0;
				PRODUCT_BUNDLE_IDENTIFIER = KavaleuskiI.tech1;
				PRODUCT_NAME = "$(TARGET_NAME)";
				SWIFT_EMIT_LOC_STRINGS = YES;
				SWIFT_VERSION = 5.0;
				TARGETED_DEVICE_FAMILY = "1,2";
			};
			name = Release;
		};
/* End XCBuildConfiguration section */

/* Begin XCConfigurationList section */
		C8A6163F28748538009F74DE /* Build configuration list for PBXProject "tech1" */ = {
			isa = XCConfigurationList;
			buildConfigurations = (
				C8A6165628748539009F74DE /* Debug */,
				C8A6165728748539009F74DE /* Release */,
			);
			defaultConfigurationIsVisible = 0;
			defaultConfigurationName = Release;
		};
		C8A6165828748539009F74DE /* Build configuration list for PBXNativeTarget "tech1" */ = {
			isa = XCConfigurationList;
			buildConfigurations = (
				C8A6165928748539009F74DE /* Debug */,
				C8A6165A28748539009F74DE /* Release */,
			);
			defaultConfigurationIsVisible = 0;
			defaultConfigurationName = Release;
		};
/* End XCConfigurationList section */
	};
	rootObject = C8A6163C28748538009F74DE /* Project object */;
}
